fixtures/properties/animations/animation-fill-play-composition.json
fixtures/properties/animations/animation-iteration-direction.json
fixtures/properties/animations/animation-name-duration-delay.json
fixtures/properties/animations/animation-timeline-range.json
fixtures/properties/animations/animation-timing-function.json
fixtures/properties/animations/scroll-timeline.json
fixtures/properties/animations/transition-delay-timing-behavior.json
fixtures/properties/animations/transition-property-duration.json
fixtures/properties/animations/view-timeline.json
fixtures/properties/animations/view-transition.json
fixtures/properties/appearance/longtail.json
fixtures/properties/background/audit-phase12.json
fixtures/properties/background/background-attachment.json
fixtures/properties/background/background-clip.json
fixtures/properties/background/background-image-gradients.json
fixtures/properties/background/background-image-url-data.json
fixtures/properties/background/background-image-url.json
fixtures/properties/background/background-origin.json
fixtures/properties/background/background-position-xy.json
fixtures/properties/background/background-position.json
fixtures/properties/background/background-repeat.json
fixtures/properties/background/background-size.json
fixtures/properties/borders/audit-phase12.json
fixtures/properties/borders/border-colors.json
fixtures/properties/borders/border-image.json
fixtures/properties/borders/border-radius-logical.json
fixtures/properties/borders/border-radius-physical.json
fixtures/properties/borders/border-styles.json
fixtures/properties/borders/border-widths.json
fixtures/properties/borders/box-decoration-break.json
fixtures/properties/borders/box-shadow.json
fixtures/properties/borders/corner-shape.json
fixtures/properties/borders/outline.json
fixtures/properties/color/accent-caret.json
fixtures/properties/color/background-blend.json
fixtures/properties/color/blend-modes.json
fixtures/properties/color/color-dynamic.json
fixtures/properties/color/color-hex.json
fixtures/properties/color/color-hsl.json
fixtures/properties/color/color-modern.json
fixtures/properties/color/color-named.json
fixtures/properties/color/color-rgb.json
fixtures/properties/color/color-scheme.json
fixtures/properties/color/isolation.json
fixtures/properties/color/opacity.json
fixtures/properties/columns/longtail.json
fixtures/properties/container/longtail.json
fixtures/properties/content/longtail.json
fixtures/properties/counters/longtail.json
fixtures/properties/effects/audit-phase12.json
fixtures/properties/effects/backdrop-filter.json
fixtures/properties/effects/clip-legacy.json
fixtures/properties/effects/clip-path-basic-shapes.json
fixtures/properties/effects/clip-path-path.json
fixtures/properties/effects/clip-path-ref-and-box.json
fixtures/properties/effects/clip-rule.json
fixtures/properties/effects/filter-functions.json
fixtures/properties/effects/filter-url.json
fixtures/properties/effects/mask-border-mode.json
fixtures/properties/effects/mask-border-outset.json
fixtures/properties/effects/mask-border-repeat.json
fixtures/properties/effects/mask-border-slice.json
fixtures/properties/effects/mask-border-source.json
fixtures/properties/effects/mask-border-width.json
fixtures/properties/effects/mask-clip.json
fixtures/properties/effects/mask-composite.json
fixtures/properties/effects/mask-image.json
fixtures/properties/effects/mask-mode.json
fixtures/properties/effects/mask-origin.json
fixtures/properties/effects/mask-position.json
fixtures/properties/effects/mask-repeat.json
fixtures/properties/effects/mask-size.json
fixtures/properties/effects/mask-type.json
fixtures/properties/effects/overflow.json
fixtures/properties/effects/visibility.json
fixtures/properties/experimental/longtail.json
fixtures/properties/global/longtail.json
fixtures/properties/images/longtail.json
fixtures/properties/interactions/longtail.json
fixtures/properties/layout/absolute-positioned-children.json
fixtures/properties/layout/anchor-positioning.json
fixtures/properties/layout/audit-phase12.json
fixtures/properties/layout/clear.json
fixtures/properties/layout/fixed-sticky-in-scroll.json
fixtures/properties/layout/flex-align-content.json
fixtures/properties/layout/flex-align-items.json
fixtures/properties/layout/flex-align-self.json
fixtures/properties/layout/flex-direction.json
fixtures/properties/layout/flex-display.json
fixtures/properties/layout/flex-gap-vs-margin.json
fixtures/properties/layout/flex-grow-shrink-basis.json
fixtures/properties/layout/flex-justify-content.json
fixtures/properties/layout/flex-order.json
fixtures/properties/layout/flex-parent-with-margin-children.json
fixtures/properties/layout/flex-wrap.json
fixtures/properties/layout/float.json
fixtures/properties/layout/grid-align-items.json
fixtures/properties/layout/grid-align-self.json
fixtures/properties/layout/grid-align-tracks.json
fixtures/properties/layout/grid-area.json
fixtures/properties/layout/grid-auto-columns.json
fixtures/properties/layout/grid-auto-flow.json
fixtures/properties/layout/grid-auto-rows.json
fixtures/properties/layout/grid-column-start-end.json
fixtures/properties/layout/grid-display.json
fixtures/properties/layout/grid-justify-items.json
fixtures/properties/layout/grid-justify-self.json
fixtures/properties/layout/grid-justify-tracks.json
fixtures/properties/layout/grid-row-start-end.json
fixtures/properties/layout/grid-template-areas.json
fixtures/properties/layout/grid-template-columns.json
fixtures/properties/layout/grid-template-rows.json
fixtures/properties/layout/grid-with-gap-and-padding.json
fixtures/properties/layout/inset-logical.json
fixtures/properties/layout/masonry-auto-flow.json
fixtures/properties/layout/nested-flex-grid.json
fixtures/properties/layout/offset-anchor.json
fixtures/properties/layout/offset-distance.json
fixtures/properties/layout/offset-path.json
fixtures/properties/layout/offset-position.json
fixtures/properties/layout/offset-rotate.json
fixtures/properties/layout/overlay.json
fixtures/properties/layout/position-keywords.json
fixtures/properties/layout/position-right-bottom.json
fixtures/properties/layout/position-top-left.json
fixtures/properties/layout/position-try.json
fixtures/properties/layout/reading-flow.json
fixtures/properties/layout/z-index.json
fixtures/properties/lists/longtail.json
fixtures/properties/math/longtail.json
fixtures/properties/navigation/longtail.json
fixtures/properties/paging/longtail.json
fixtures/properties/performance/audit-phase12.json
fixtures/properties/performance/longtail.json
fixtures/properties/print/longtail.json
fixtures/properties/regions/longtail.json
fixtures/properties/rendering/longtail.json
fixtures/properties/rhythm/longtail.json
fixtures/properties/scrolling/longtail.json
fixtures/properties/shapes/longtail.json
fixtures/properties/sizing/aspect-ratio.json
fixtures/properties/sizing/audit-phase12.json
fixtures/properties/sizing/logical-sizing.json
fixtures/properties/sizing/width-absolute.json
fixtures/properties/sizing/width-constraints.json
fixtures/properties/sizing/width-intrinsic.json
fixtures/properties/sizing/width-units.json
fixtures/properties/spacing-all.json
fixtures/properties/spacing/audit-phase12.json
fixtures/properties/spacing/gap.json
fixtures/properties/spacing/margin-basic.json
fixtures/properties/spacing/margin-trim.json
fixtures/properties/spacing/margin-units.json
fixtures/properties/spacing/padding-absolute.json
fixtures/properties/spacing/padding-units.json
fixtures/properties/speech/longtail.json
fixtures/properties/svg/longtail.json
fixtures/properties/table/longtail.json
fixtures/properties/transforms/audit-phase12.json
fixtures/properties/transforms/backface-visibility.json
fixtures/properties/transforms/perspective-origin.json
fixtures/properties/transforms/perspective.json
fixtures/properties/transforms/rotate-longhand.json
fixtures/properties/transforms/scale-longhand.json
fixtures/properties/transforms/transform-box.json
fixtures/properties/transforms/transform-functions.json
fixtures/properties/transforms/transform-origin.json
fixtures/properties/transforms/transform-style.json
fixtures/properties/transforms/translate-longhand.json
fixtures/properties/typography/alignment-baseline.json
fixtures/properties/typography/audit-phase12.json
fixtures/properties/typography/baseline-shift.json
fixtures/properties/typography/baseline-source.json
fixtures/properties/typography/block-ellipsis.json
fixtures/properties/typography/caret-color.json
fixtures/properties/typography/color.json
fixtures/properties/typography/direction.json
fixtures/properties/typography/dominant-baseline-adjust.json
fixtures/properties/typography/dominant-baseline.json
fixtures/properties/typography/font-display.json
fixtures/properties/typography/font-family.json
fixtures/properties/typography/font-feature-settings.json
fixtures/properties/typography/font-kerning.json
fixtures/properties/typography/font-language-override.json
fixtures/properties/typography/font-named-instance.json
fixtures/properties/typography/font-optical-sizing.json
fixtures/properties/typography/font-palette.json
fixtures/properties/typography/font-size-adjust.json
fixtures/properties/typography/font-size-min-max.json
fixtures/properties/typography/font-size.json
fixtures/properties/typography/font-smooth.json
fixtures/properties/typography/font-stretch.json
fixtures/properties/typography/font-style.json
fixtures/properties/typography/font-synthesis.json
fixtures/properties/typography/font-variant-alternates.json
fixtures/properties/typography/font-variant-caps.json
fixtures/properties/typography/font-variant-east-asian.json
fixtures/properties/typography/font-variant-emoji.json
fixtures/properties/typography/font-variant-ligatures.json
fixtures/properties/typography/font-variant-numeric.json
fixtures/properties/typography/font-variant-position.json
fixtures/properties/typography/font-variation-settings.json
fixtures/properties/typography/font-weight.json
fixtures/properties/typography/glyph-orientation.json
fixtures/properties/typography/hanging-punctuation.json
fixtures/properties/typography/hyphenate-character.json
fixtures/properties/typography/hyphenate-limit-chars.json
fixtures/properties/typography/hyphenate-limit-last.json
fixtures/properties/typography/hyphenate-limit-lines.json
fixtures/properties/typography/hyphenate-limit-zone.json
fixtures/properties/typography/hyphens.json
fixtures/properties/typography/initial-letter-align.json
fixtures/properties/typography/initial-letter.json
fixtures/properties/typography/kerning.json
fixtures/properties/typography/letter-spacing.json
fixtures/properties/typography/line-break.json
fixtures/properties/typography/line-clamp.json
fixtures/properties/typography/line-grid.json
fixtures/properties/typography/line-height-step.json
fixtures/properties/typography/line-height.json
fixtures/properties/typography/line-snap.json
fixtures/properties/typography/max-lines.json
fixtures/properties/typography/orphans-widows.json
fixtures/properties/typography/overflow-wrap.json
fixtures/properties/typography/quotes.json
fixtures/properties/typography/ruby-align.json
fixtures/properties/typography/ruby-merge.json
fixtures/properties/typography/ruby-overhang.json
fixtures/properties/typography/ruby-position.json
fixtures/properties/typography/tab-size.json
fixtures/properties/typography/text-align-all.json
fixtures/properties/typography/text-align-last.json
fixtures/properties/typography/text-align.json
fixtures/properties/typography/text-anchor.json
fixtures/properties/typography/text-autospace.json
fixtures/properties/typography/text-box.json
fixtures/properties/typography/text-combine-upright.json
fixtures/properties/typography/text-decoration-color.json
fixtures/properties/typography/text-decoration-line.json
fixtures/properties/typography/text-decoration-skip-ink.json
fixtures/properties/typography/text-decoration-skip.json
fixtures/properties/typography/text-decoration-style.json
fixtures/properties/typography/text-decoration-thickness.json
fixtures/properties/typography/text-emphasis-color.json
fixtures/properties/typography/text-emphasis-position.json
fixtures/properties/typography/text-emphasis-style.json
fixtures/properties/typography/text-emphasis.json
fixtures/properties/typography/text-group-align.json
fixtures/properties/typography/text-indent.json
fixtures/properties/typography/text-justify.json
fixtures/properties/typography/text-orientation.json
fixtures/properties/typography/text-overflow.json
fixtures/properties/typography/text-rendering.json
fixtures/properties/typography/text-shadow.json
fixtures/properties/typography/text-size-adjust.json
fixtures/properties/typography/text-space-collapse.json
fixtures/properties/typography/text-space-trim.json
fixtures/properties/typography/text-spacing-trim.json
fixtures/properties/typography/text-spacing.json
fixtures/properties/typography/text-transform.json
fixtures/properties/typography/text-underline-offset.json
fixtures/properties/typography/text-underline-position.json
fixtures/properties/typography/text-wrap-mode.json
fixtures/properties/typography/text-wrap-style.json
fixtures/properties/typography/text-wrap.json
fixtures/properties/typography/unicode-bidi.json
fixtures/properties/typography/vertical-align-last.json
fixtures/properties/typography/vertical-align.json
fixtures/properties/typography/white-space-collapse.json
fixtures/properties/typography/white-space.json
fixtures/properties/typography/word-break.json
fixtures/properties/typography/word-space-transform.json
fixtures/properties/typography/word-spacing.json
fixtures/properties/typography/word-wrap.json
fixtures/properties/typography/writing-mode.json
